
Microsoft Visual Studio Solution File, Format Version 12.00
# Visual Studio 15
VisualStudioVersion = 15.0.28307.489
MinimumVisualStudioVersion = 10.0.40219.1
Project("{9A19103F-16F7-4668-BE54-9A1E7A4F7556}") = "ICE.Platform.Rest", "ICE.Platform.Rest\ICE.Platform.Rest.csproj", "{4378AF71-DC3B-45B1-A5F1-567343A729C7}"
EndProject
Project("{9A19103F-16F7-4668-BE54-9A1E7A4F7556}") = "ICE.Platform.Core", "..\Core\ICE.Platform.Core\ICE.Platform.Core.csproj", "{57A0C159-922D-4593-8091-C30D0C1B2388}"
EndProject
Project("{9A19103F-16F7-4668-BE54-9A1E7A4F7556}") = "ICE.Platform", "..\Platform\ICE.Platform\ICE.Platform.csproj", "{CD197EFA-0695-4A3A-B773-79CC53D4BB63}"
EndProject
Global
	GlobalSection(SolutionConfigurationPlatforms) = preSolution
		Debug|Any CPU = Debug|Any CPU
		Release|Any CPU = Release|Any CPU
	EndGlobalSection
	GlobalSection(ProjectConfigurationPlatforms) = postSolution
		{4378AF71-DC3B-45B1-A5F1-567343A729C7}.Debug|Any CPU.ActiveCfg = Debug|Any CPU
		{4378AF71-DC3B-45B1-A5F1-567343A729C7}.Debug|Any CPU.Build.0 = Debug|Any CPU
		{4378AF71-DC3B-45B1-A5F1-567343A729C7}.Release|Any CPU.ActiveCfg = Release|Any CPU
		{4378AF71-DC3B-45B1-A5F1-567343A729C7}.Release|Any CPU.Build.0 = Release|Any CPU
		{57A0C159-922D-4593-8091-C30D0C1B2388}.Debug|Any CPU.ActiveCfg = Debug|Any CPU
		{57A0C159-922D-4593-8091-C30D0C1B2388}.Debug|Any CPU.Build.0 = Debug|Any CPU
		{57A0C159-922D-4593-8091-C30D0C1B2388}.Release|Any CPU.ActiveCfg = Release|Any CPU
		{57A0C159-922D-4593-8091-C30D0C1B2388}.Release|Any CPU.Build.0 = Release|Any CPU
		{CD197EFA-0695-4A3A-B773-79CC53D4BB63}.Debug|Any CPU.ActiveCfg = Debug|Any CPU
		{CD197EFA-0695-4A3A-B773-79CC53D4BB63}.Debug|Any CPU.Build.0 = Debug|Any CPU
		{CD197EFA-0695-4A3A-B773-79CC53D4BB63}.Release|Any CPU.ActiveCfg = Release|Any CPU
		{CD197EFA-0695-4A3A-B773-79CC53D4BB63}.Release|Any CPU.Build.0 = Release|Any CPU
	EndGlobalSection
	GlobalSection(SolutionProperties) = preSolution
		HideSolutionNode = FALSE
	EndGlobalSection
	GlobalSection(ExtensibilityGlobals) = postSolution
		SolutionGuid = {A33E9FB3-B4D4-4D65-82CD-38D9247D49B6}
	EndGlobalSection
	GlobalSection(TeamFoundationVersionControl) = preSolution
		SccNumberOfProjects = 2
		SccEnterpriseProvider = {4CA58AB2-18FA-4F8D-95D4-32DDF27D184C}
		SccTeamFoundationServer = http://phomstf01:8080/tfs/sewcollection
		SccLocalPath0 = .
		SccProjectUniqueName1 = ICE.Platform.Rest\\ICE.Platform.Rest.csproj
		SccProjectName1 = ICE.Platform.Rest
		SccLocalPath1 = ICE.Platform.Rest
	EndGlobalSection
EndGlobal
